
Microsoft Visual Studio Solution File, Format Version 12.00
# Visual Studio Version 16
VisualStudioVersion = 16.0.31729.503
MinimumVisualStudioVersion = 10.0.40219.1
Project("{FAE04EC0-301F-11D3-BF4B-00C04F79EFBC}") = "App Lifecycle Tutorial.Android", "App Lifecycle Tutorial\App Lifecycle Tutorial.Android\App Lifecycle Tutorial.Android.csproj", "{F5D13FAA-3D3D-4B09-BE0B-2F5596316AC3}"
EndProject
Project("{FAE04EC0-301F-11D3-BF4B-00C04F79EFBC}") = "App Lifecycle Tutorial.iOS", "App Lifecycle Tutorial\App Lifecycle Tutorial.iOS\App Lifecycle Tutorial.iOS.csproj", "{98BC4522-4644-488F-85D8-5E14E6CDD72F}"
EndProject
Project("{FAE04EC0-301F-11D3-BF4B-00C04F79EFBC}") = "App Lifecycle Tutorial", "App Lifecycle Tutorial\App Lifecycle Tutorial\App Lifecycle Tutorial.csproj", "{AF9CBB52-7868-4A30-A701-C15066855698}"
EndProject
Global
	GlobalSection(SolutionConfigurationPlatforms) = preSolution
		Debug|Any CPU = Debug|Any CPU
		Debug|iPhone = Debug|iPhone
		Debug|iPhoneSimulator = Debug|iPhoneSimulator
		Release|Any CPU = Release|Any CPU
		Release|iPhone = Release|iPhone
		Release|iPhoneSimulator = Release|iPhoneSimulator
	EndGlobalSection
	GlobalSection(ProjectConfigurationPlatforms) = postSolution
		{F5D13FAA-3D3D-4B09-BE0B-2F5596316AC3}.Debug|Any CPU.ActiveCfg = Debug|Any CPU
		{F5D13FAA-3D3D-4B09-BE0B-2F5596316AC3}.Debug|Any CPU.Build.0 = Debug|Any CPU
		{F5D13FAA-3D3D-4B09-BE0B-2F5596316AC3}.Debug|Any CPU.Deploy.0 = Debug|Any CPU
		{F5D13FAA-3D3D-4B09-BE0B-2F5596316AC3}.Debug|iPhone.ActiveCfg = Debug|Any CPU
		{F5D13FAA-3D3D-4B09-BE0B-2F5596316AC3}.Debug|iPhone.Build.0 = Debug|Any CPU
		{F5D13FAA-3D3D-4B09-BE0B-2F5596316AC3}.Debug|iPhone.Deploy.0 = Debug|Any CPU
		{F5D13FAA-3D3D-4B09-BE0B-2F5596316AC3}.Debug|iPhoneSimulator.ActiveCfg = Debug|Any CPU
		{F5D13FAA-3D3D-4B09-BE0B-2F5596316AC3}.Debug|iPhoneSimulator.Build.0 = Debug|Any CPU
		{F5D13FAA-3D3D-4B09-BE0B-2F5596316AC3}.Debug|iPhoneSimulator.Deploy.0 = Debug|Any CPU
		{F5D13FAA-3D3D-4B09-BE0B-2F5596316AC3}.Release|Any CPU.ActiveCfg = Release|Any CPU
		{F5D13FAA-3D3D-4B09-BE0B-2F5596316AC3}.Release|Any CPU.Build.0 = Release|Any CPU
		{F5D13FAA-3D3D-4B09-BE0B-2F5596316AC3}.Release|Any CPU.Deploy.0 = Release|Any CPU
		{F5D13FAA-3D3D-4B09-BE0B-2F5596316AC3}.Release|iPhone.ActiveCfg = Release|Any CPU
		{F5D13FAA-3D3D-4B09-BE0B-2F5596316AC3}.Release|iPhone.Build.0 = Release|Any CPU
		{F5D13FAA-3D3D-4B09-BE0B-2F5596316AC3}.Release|iPhone.Deploy.0 = Release|Any CPU
		{F5D13FAA-3D3D-4B09-BE0B-2F5596316AC3}.Release|iPhoneSimulator.ActiveCfg = Release|Any CPU
		{F5D13FAA-3D3D-4B09-BE0B-2F5596316AC3}.Release|iPhoneSimulator.Build.0 = Release|Any CPU
		{F5D13FAA-3D3D-4B09-BE0B-2F5596316AC3}.Release|iPhoneSimulator.Deploy.0 = Release|Any CPU
		{98BC4522-4644-488F-85D8-5E14E6CDD72F}.Debug|Any CPU.ActiveCfg = Debug|iPhone
		{98BC4522-4644-488F-85D8-5E14E6CDD72F}.Debug|Any CPU.Build.0 = Debug|iPhone
		{98BC4522-4644-488F-85D8-5E14E6CDD72F}.Debug|Any CPU.Deploy.0 = Debug|iPhone
		{98BC4522-4644-488F-85D8-5E14E6CDD72F}.Debug|iPhone.ActiveCfg = Debug|iPhone
		{98BC4522-4644-488F-85D8-5E14E6CDD72F}.Debug|iPhone.Build.0 = Debug|iPhone
		{98BC4522-4644-488F-85D8-5E14E6CDD72F}.Debug|iPhone.Deploy.0 = Debug|iPhone
		{98BC4522-4644-488F-85D8-5E14E6CDD72F}.Debug|iPhoneSimulator.ActiveCfg = Debug|iPhoneSimulator
		{98BC4522-4644-488F-85D8-5E14E6CDD72F}.Debug|iPhoneSimulator.Build.0 = Debug|iPhoneSimulator
		{98BC4522-4644-488F-85D8-5E14E6CDD72F}.Debug|iPhoneSimulator.Deploy.0 = Debug|iPhoneSimulator
		{98BC4522-4644-488F-85D8-5E14E6CDD72F}.Release|Any CPU.ActiveCfg = Release|iPhoneSimulator
		{98BC4522-4644-488F-85D8-5E14E6CDD72F}.Release|Any CPU.Build.0 = Release|iPhoneSimulator
		{98BC4522-4644-488F-85D8-5E14E6CDD72F}.Release|Any CPU.Deploy.0 = Release|iPhoneSimulator
		{98BC4522-4644-488F-85D8-5E14E6CDD72F}.Release|iPhone.ActiveCfg = Release|iPhone
		{98BC4522-4644-488F-85D8-5E14E6CDD72F}.Release|iPhone.Build.0 = Release|iPhone
		{98BC4522-4644-488F-85D8-5E14E6CDD72F}.Release|iPhone.Deploy.0 = Release|iPhone
		{98BC4522-4644-488F-85D8-5E14E6CDD72F}.Release|iPhoneSimulator.ActiveCfg = Release|iPhoneSimulator
		{98BC4522-4644-488F-85D8-5E14E6CDD72F}.Release|iPhoneSimulator.Build.0 = Release|iPhoneSimulator
		{98BC4522-4644-488F-85D8-5E14E6CDD72F}.Release|iPhoneSimulator.Deploy.0 = Release|iPhoneSimulator
		{AF9CBB52-7868-4A30-A701-C15066855698}.Debug|Any CPU.ActiveCfg = Debug|Any CPU
		{AF9CBB52-7868-4A30-A701-C15066855698}.Debug|Any CPU.Build.0 = Debug|Any CPU
		{AF9CBB52-7868-4A30-A701-C15066855698}.Debug|Any CPU.Deploy.0 = Debug|Any CPU
		{AF9CBB52-7868-4A30-A701-C15066855698}.Debug|iPhone.ActiveCfg = Debug|Any CPU
		{AF9CBB52-7868-4A30-A701-C15066855698}.Debug|iPhone.Build.0 = Debug|Any CPU
		{AF9CBB52-7868-4A30-A701-C15066855698}.Debug|iPhone.Deploy.0 = Debug|Any CPU
		{AF9CBB52-7868-4A30-A701-C15066855698}.Debug|iPhoneSimulator.ActiveCfg = Debug|Any CPU
		{AF9CBB52-7868-4A30-A701-C15066855698}.Debug|iPhoneSimulator.Build.0 = Debug|Any CPU
		{AF9CBB52-7868-4A30-A701-C15066855698}.Debug|iPhoneSimulator.Deploy.0 = Debug|Any CPU
		{AF9CBB52-7868-4A30-A701-C15066855698}.Release|Any CPU.ActiveCfg = Release|Any CPU
		{AF9CBB52-7868-4A30-A701-C15066855698}.Release|Any CPU.Build.0 = Release|Any CPU
		{AF9CBB52-7868-4A30-A701-C15066855698}.Release|Any CPU.Deploy.0 = Release|Any CPU
		{AF9CBB52-7868-4A30-A701-C15066855698}.Release|iPhone.ActiveCfg = Release|Any CPU
		{AF9CBB52-7868-4A30-A701-C15066855698}.Release|iPhone.Build.0 = Release|Any CPU
		{AF9CBB52-7868-4A30-A701-C15066855698}.Release|iPhone.Deploy.0 = Release|Any CPU
		{AF9CBB52-7868-4A30-A701-C15066855698}.Release|iPhoneSimulator.ActiveCfg = Release|Any CPU
		{AF9CBB52-7868-4A30-A701-C15066855698}.Release|iPhoneSimulator.Build.0 = Release|Any CPU
		{AF9CBB52-7868-4A30-A701-C15066855698}.Release|iPhoneSimulator.Deploy.0 = Release|Any CPU
	EndGlobalSection
	GlobalSection(SolutionProperties) = preSolution
		HideSolutionNode = FALSE
	EndGlobalSection
	GlobalSection(ExtensibilityGlobals) = postSolution
		SolutionGuid = {A2040254-78AA-48DF-AC70-49621649595D}
	EndGlobalSection
EndGlobal
